
Microsoft Visual Studio Solution File, Format Version 12.00
# Visual Studio Version 16
VisualStudioVersion = 16.0.31213.239
MinimumVisualStudioVersion = 10.0.40219.1
Project("{9A19103F-16F7-4668-BE54-9A1E7A4F7556}") = "OpenEK.Windows", "OpenEK.Windows\OpenEK.Windows.csproj", "{3ED32291-9A81-4DF3-982B-463768AE01C4}"
EndProject
Project("{6EC3EE1D-3C4E-46DD-8F32-0CC8E7565705}") = "OpenEK.Tests", "OpenEK.Tests\OpenEK.Tests.fsproj", "{42C4B8C4-49C5-4AA4-A3F5-E1AA814F7862}"
EndProject
Project("{F2A71F9B-5D33-465A-A702-920D77279786}") = "OpenEK.Core", "OpenEK.Core\OpenEK.Core.fsproj", "{B30F50C4-BF30-44CC-A4A8-568AF17C9BC6}"
EndProject
Global
	GlobalSection(SolutionConfigurationPlatforms) = preSolution
		Debug|Any CPU = Debug|Any CPU
		Debug|ARM = Debug|ARM
		Debug|arm64 = Debug|arm64
		Debug|x64 = Debug|x64
		Debug|x86 = Debug|x86
		Release|Any CPU = Release|Any CPU
		Release|ARM = Release|ARM
		Release|arm64 = Release|arm64
		Release|x64 = Release|x64
		Release|x86 = Release|x86
	EndGlobalSection
	GlobalSection(ProjectConfigurationPlatforms) = postSolution
		{3ED32291-9A81-4DF3-982B-463768AE01C4}.Debug|Any CPU.ActiveCfg = Debug|Any CPU
		{3ED32291-9A81-4DF3-982B-463768AE01C4}.Debug|Any CPU.Build.0 = Debug|Any CPU
		{3ED32291-9A81-4DF3-982B-463768AE01C4}.Debug|ARM.ActiveCfg = Debug|Any CPU
		{3ED32291-9A81-4DF3-982B-463768AE01C4}.Debug|ARM.Build.0 = Debug|Any CPU
		{3ED32291-9A81-4DF3-982B-463768AE01C4}.Debug|arm64.ActiveCfg = Debug|Any CPU
		{3ED32291-9A81-4DF3-982B-463768AE01C4}.Debug|arm64.Build.0 = Debug|Any CPU
		{3ED32291-9A81-4DF3-982B-463768AE01C4}.Debug|x64.ActiveCfg = Debug|Any CPU
		{3ED32291-9A81-4DF3-982B-463768AE01C4}.Debug|x64.Build.0 = Debug|Any CPU
		{3ED32291-9A81-4DF3-982B-463768AE01C4}.Debug|x86.ActiveCfg = Debug|Any CPU
		{3ED32291-9A81-4DF3-982B-463768AE01C4}.Debug|x86.Build.0 = Debug|Any CPU
		{3ED32291-9A81-4DF3-982B-463768AE01C4}.Release|Any CPU.ActiveCfg = Release|Any CPU
		{3ED32291-9A81-4DF3-982B-463768AE01C4}.Release|Any CPU.Build.0 = Release|Any CPU
		{3ED32291-9A81-4DF3-982B-463768AE01C4}.Release|ARM.ActiveCfg = Release|Any CPU
		{3ED32291-9A81-4DF3-982B-463768AE01C4}.Release|ARM.Build.0 = Release|Any CPU
		{3ED32291-9A81-4DF3-982B-463768AE01C4}.Release|arm64.ActiveCfg = Release|Any CPU
		{3ED32291-9A81-4DF3-982B-463768AE01C4}.Release|arm64.Build.0 = Release|Any CPU
		{3ED32291-9A81-4DF3-982B-463768AE01C4}.Release|x64.ActiveCfg = Release|Any CPU
		{3ED32291-9A81-4DF3-982B-463768AE01C4}.Release|x64.Build.0 = Release|Any CPU
		{3ED32291-9A81-4DF3-982B-463768AE01C4}.Release|x86.ActiveCfg = Release|Any CPU
		{3ED32291-9A81-4DF3-982B-463768AE01C4}.Release|x86.Build.0 = Release|Any CPU
		{42C4B8C4-49C5-4AA4-A3F5-E1AA814F7862}.Debug|Any CPU.ActiveCfg = Debug|Any CPU
		{42C4B8C4-49C5-4AA4-A3F5-E1AA814F7862}.Debug|Any CPU.Build.0 = Debug|Any CPU
		{42C4B8C4-49C5-4AA4-A3F5-E1AA814F7862}.Debug|ARM.ActiveCfg = Debug|Any CPU
		{42C4B8C4-49C5-4AA4-A3F5-E1AA814F7862}.Debug|ARM.Build.0 = Debug|Any CPU
		{42C4B8C4-49C5-4AA4-A3F5-E1AA814F7862}.Debug|arm64.ActiveCfg = Debug|Any CPU
		{42C4B8C4-49C5-4AA4-A3F5-E1AA814F7862}.Debug|arm64.Build.0 = Debug|Any CPU
		{42C4B8C4-49C5-4AA4-A3F5-E1AA814F7862}.Debug|x64.ActiveCfg = Debug|Any CPU
		{42C4B8C4-49C5-4AA4-A3F5-E1AA814F7862}.Debug|x64.Build.0 = Debug|Any CPU
		{42C4B8C4-49C5-4AA4-A3F5-E1AA814F7862}.Debug|x86.ActiveCfg = Debug|Any CPU
		{42C4B8C4-49C5-4AA4-A3F5-E1AA814F7862}.Debug|x86.Build.0 = Debug|Any CPU
		{42C4B8C4-49C5-4AA4-A3F5-E1AA814F7862}.Release|Any CPU.ActiveCfg = Release|Any CPU
		{42C4B8C4-49C5-4AA4-A3F5-E1AA814F7862}.Release|Any CPU.Build.0 = Release|Any CPU
		{42C4B8C4-49C5-4AA4-A3F5-E1AA814F7862}.Release|ARM.ActiveCfg = Release|Any CPU
		{42C4B8C4-49C5-4AA4-A3F5-E1AA814F7862}.Release|ARM.Build.0 = Release|Any CPU
		{42C4B8C4-49C5-4AA4-A3F5-E1AA814F7862}.Release|arm64.ActiveCfg = Release|Any CPU
		{42C4B8C4-49C5-4AA4-A3F5-E1AA814F7862}.Release|arm64.Build.0 = Release|Any CPU
		{42C4B8C4-49C5-4AA4-A3F5-E1AA814F7862}.Release|x64.ActiveCfg = Release|Any CPU
		{42C4B8C4-49C5-4AA4-A3F5-E1AA814F7862}.Release|x64.Build.0 = Release|Any CPU
		{42C4B8C4-49C5-4AA4-A3F5-E1AA814F7862}.Release|x86.ActiveCfg = Release|Any CPU
		{42C4B8C4-49C5-4AA4-A3F5-E1AA814F7862}.Release|x86.Build.0 = Release|Any CPU
		{B30F50C4-BF30-44CC-A4A8-568AF17C9BC6}.Debug|Any CPU.ActiveCfg = Debug|Any CPU
		{B30F50C4-BF30-44CC-A4A8-568AF17C9BC6}.Debug|Any CPU.Build.0 = Debug|Any CPU
		{B30F50C4-BF30-44CC-A4A8-568AF17C9BC6}.Debug|ARM.ActiveCfg = Debug|Any CPU
		{B30F50C4-BF30-44CC-A4A8-568AF17C9BC6}.Debug|ARM.Build.0 = Debug|Any CPU
		{B30F50C4-BF30-44CC-A4A8-568AF17C9BC6}.Debug|arm64.ActiveCfg = Debug|Any CPU
		{B30F50C4-BF30-44CC-A4A8-568AF17C9BC6}.Debug|arm64.Build.0 = Debug|Any CPU
		{B30F50C4-BF30-44CC-A4A8-568AF17C9BC6}.Debug|x64.ActiveCfg = Debug|Any CPU
		{B30F50C4-BF30-44CC-A4A8-568AF17C9BC6}.Debug|x64.Build.0 = Debug|Any CPU
		{B30F50C4-BF30-44CC-A4A8-568AF17C9BC6}.Debug|x86.ActiveCfg = Debug|Any CPU
		{B30F50C4-BF30-44CC-A4A8-568AF17C9BC6}.Debug|x86.Build.0 = Debug|Any CPU
		{B30F50C4-BF30-44CC-A4A8-568AF17C9BC6}.Release|Any CPU.ActiveCfg = Release|Any CPU
		{B30F50C4-BF30-44CC-A4A8-568AF17C9BC6}.Release|Any CPU.Build.0 = Release|Any CPU
		{B30F50C4-BF30-44CC-A4A8-568AF17C9BC6}.Release|ARM.ActiveCfg = Release|Any CPU
		{B30F50C4-BF30-44CC-A4A8-568AF17C9BC6}.Release|ARM.Build.0 = Release|Any CPU
		{B30F50C4-BF30-44CC-A4A8-568AF17C9BC6}.Release|arm64.ActiveCfg = Release|Any CPU
		{B30F50C4-BF30-44CC-A4A8-568AF17C9BC6}.Release|arm64.Build.0 = Release|Any CPU
		{B30F50C4-BF30-44CC-A4A8-568AF17C9BC6}.Release|x64.ActiveCfg = Release|Any CPU
		{B30F50C4-BF30-44CC-A4A8-568AF17C9BC6}.Release|x64.Build.0 = Release|Any CPU
		{B30F50C4-BF30-44CC-A4A8-568AF17C9BC6}.Release|x86.ActiveCfg = Release|Any CPU
		{B30F50C4-BF30-44CC-A4A8-568AF17C9BC6}.Release|x86.Build.0 = Release|Any CPU
	EndGlobalSection
	GlobalSection(SolutionProperties) = preSolution
		HideSolutionNode = FALSE
	EndGlobalSection
	GlobalSection(ExtensibilityGlobals) = postSolution
		SolutionGuid = {ECA3177D-4471-4087-9E32-183B865C8054}
	EndGlobalSection
EndGlobal
